
Microsoft Visual Studio Solution File, Format Version 12.00
# Visual Studio Version 17
VisualStudioVersion = 17.14.36301.6 d17.14
MinimumVisualStudioVersion = 10.0.40219.1
Project("{FAE04EC0-301F-11D3-BF4B-00C04F79EFBC}") = "пр6", "пр6\пр6.csproj", "{48CD15A4-A65B-4C4E-8F3B-8A768EFCD7DE}"
EndProject
Global
	GlobalSection(SolutionConfigurationPlatforms) = preSolution
		Debug|Any CPU = Debug|Any CPU
		Release|Any CPU = Release|Any CPU
	EndGlobalSection
	GlobalSection(ProjectConfigurationPlatforms) = postSolution
		{48CD15A4-A65B-4C4E-8F3B-8A768EFCD7DE}.Debug|Any CPU.ActiveCfg = Debug|Any CPU
		{48CD15A4-A65B-4C4E-8F3B-8A768EFCD7DE}.Debug|Any CPU.Build.0 = Debug|Any CPU
		{48CD15A4-A65B-4C4E-8F3B-8A768EFCD7DE}.Release|Any CPU.ActiveCfg = Release|Any CPU
		{48CD15A4-A65B-4C4E-8F3B-8A768EFCD7DE}.Release|Any CPU.Build.0 = Release|Any CPU
	EndGlobalSection
	GlobalSection(SolutionProperties) = preSolution
		HideSolutionNode = FALSE
	EndGlobalSection
	GlobalSection(ExtensibilityGlobals) = postSolution
		SolutionGuid = {EF6444B3-DF21-4100-A8B0-6194FFA59873}
	EndGlobalSection
EndGlobal
