
Microsoft Visual Studio Solution File, Format Version 12.00
# Visual Studio Version 17
VisualStudioVersion = 17.14.36327.8 d17.14
MinimumVisualStudioVersion = 10.0.40219.1
Project("{FAE04EC0-301F-11D3-BF4B-00C04F79EFBC}") = "зд2", "зд2\зд2.csproj", "{8B07A236-B339-46E0-97E2-4FDE91E5B903}"
EndProject
Global
	GlobalSection(SolutionConfigurationPlatforms) = preSolution
		Debug|Any CPU = Debug|Any CPU
		Release|Any CPU = Release|Any CPU
	EndGlobalSection
	GlobalSection(ProjectConfigurationPlatforms) = postSolution
		{8B07A236-B339-46E0-97E2-4FDE91E5B903}.Debug|Any CPU.ActiveCfg = Debug|Any CPU
		{8B07A236-B339-46E0-97E2-4FDE91E5B903}.Debug|Any CPU.Build.0 = Debug|Any CPU
		{8B07A236-B339-46E0-97E2-4FDE91E5B903}.Release|Any CPU.ActiveCfg = Release|Any CPU
		{8B07A236-B339-46E0-97E2-4FDE91E5B903}.Release|Any CPU.Build.0 = Release|Any CPU
	EndGlobalSection
	GlobalSection(SolutionProperties) = preSolution
		HideSolutionNode = FALSE
	EndGlobalSection
	GlobalSection(ExtensibilityGlobals) = postSolution
		SolutionGuid = {B0F7FC4E-28DF-4699-AC9D-766688345382}
	EndGlobalSection
EndGlobal
